Microsoft Visual Studio Solution File, Format Version 12.00
# Visual Studio Version 17
VisualStudioVersion = 17.5.2.0
MinimumVisualStudioVersion = 10.0.40219.1
Project("{FAE04EC0-301F-11D3-BF4B-00C04F79EFBC}") = "dotnet-console-app", "dotnet-console-app.csproj", "{FE1BD270-9D7E-8065-C239-2F8346ED46C6}"
EndProject
Global
	GlobalSection(SolutionConfigurationPlatforms) = preSolution
		Debug|Any CPU = Debug|Any CPU
		Release|Any CPU = Release|Any CPU
	EndGlobalSection
	GlobalSection(ProjectConfigurationPlatforms) = postSolution
		{FE1BD270-9D7E-8065-C239-2F8346ED46C6}.Debug|Any CPU.ActiveCfg = Debug|Any CPU
		{FE1BD270-9D7E-8065-C239-2F8346ED46C6}.Debug|Any CPU.Build.0 = Debug|Any CPU
		{FE1BD270-9D7E-8065-C239-2F8346ED46C6}.Release|Any CPU.ActiveCfg = Release|Any CPU
		{FE1BD270-9D7E-8065-C239-2F8346ED46C6}.Release|Any CPU.Build.0 = Release|Any CPU
	EndGlobalSection
	GlobalSection(SolutionProperties) = preSolution
		HideSolutionNode = FALSE
	EndGlobalSection
	GlobalSection(ExtensibilityGlobals) = postSolution
		SolutionGuid = {324A5C86-9A3C-4EFB-873E-3AEA21664015}
	EndGlobalSection
EndGlobal
